// !$*UTF8*$!
{
	archiveVersion = 1;
	classes = {
	};
	objectVersion = 55;
	objects = {

/* Begin PBXBuildFile section */
		47DE7B432795AC3B00855312 /* UI_424App.swift in Sources */ = {isa = PBXBuildFile; fileRef = 47DE7B422795AC3B00855312 /* UI_424App.swift */; };
		47DE7B452795AC3B00855312 /* ContentView.swift in Sources */ = {isa = PBXBuildFile; fileRef = 47DE7B442795AC3B00855312 /* ContentView.swift */; };
		47DE7B472795AC3B00855312 /* Assets.xcassets in Resources */ = {isa = PBXBuildFile; fileRef = 47DE7B462795AC3B00855312 /* Assets.xcassets */; };
		47DE7B4A2795AC3B00855312 /* Preview Assets.xcassets in Resources */ = {isa = PBXBuildFile; fileRef = 47DE7B492795AC3B00855312 /* Preview Assets.xcassets */; };
		47DE7B542795AC3B00855312 /* UI_424Tests.swift in Sources */ = {isa = PBXBuildFile; fileRef = 47DE7B532795AC3B00855312 /* UI_424Tests.swift */; };
		47DE7B5E2795AC3B00855312 /* UI_424UITests.swift in Sources */ = {isa = PBXBuildFile; fileRef = 47DE7B5D2795AC3B00855312 /* UI_424UITests.swift */; };
		47DE7B602795AC3B00855312 /* UI_424UITestsLaunchTests.swift in Sources */ = {isa = PBXBuildFile; fileRef = 47DE7B5F2795AC3B00855312 /* UI_424UITestsLaunchTests.swift */; };
		47DE7B6E2795AC4600855312 /* Home.swift in Sources */ = {isa = PBXBuildFile; fileRef = 47DE7B6D2795AC4600855312 /* Home.swift */; };
		47DE7B722795AC5C00855312 /* Task.swift in Sources */ = {isa = PBXBuildFile; fileRef = 47DE7B712795AC5C00855312 /* Task.swift */; };
		47DE7B762795ACA400855312 /* Extencions.swift in Sources */ = {isa = PBXBuildFile; fileRef = 47DE7B752795ACA400855312 /* Extencions.swift */; };
/* End PBXBuildFile section */

/* Begin PBXContainerItemProxy section */
		47DE7B502795AC3B00855312 /* PBXContainerItemProxy */ = {
			isa = PBXContainerItemProxy;
			containerPortal = 47DE7B372795AC3B00855312 /* Project object */;
			proxyType = 1;
			remoteGlobalIDString = 47DE7B3E2795AC3B00855312;
			remoteInfo = "UI-424";
		};
		47DE7B5A2795AC3B00855312 /* PBXContainerItemProxy */ = {
			isa = PBXContainerItemProxy;
			containerPortal = 47DE7B372795AC3B00855312 /* Project object */;
			proxyType = 1;
			remoteGlobalIDString = 47DE7B3E2795AC3B00855312;
			remoteInfo = "UI-424";
		};
/* End PBXContainerItemProxy section */

/* Begin PBXFileReference section */
		47DE7B3F2795AC3B00855312 /* UI-424.app */ = {isa = PBXFileReference; explicitFileType = wrapper.application; includeInIndex = 0; path = "UI-424.app"; sourceTree = BUILT_PRODUCTS_DIR; };
		47DE7B422795AC3B00855312 /* UI_424App.swift */ = {isa = PBXFileReference; lastKnownFileType = sourcecode.swift; path = UI_424App.swift; sourceTree = "<group>"; };
		47DE7B442795AC3B00855312 /* ContentView.swift */ = {isa = PBXFileReference; lastKnownFileType = sourcecode.swift; path = ContentView.swift; sourceTree = "<group>"; };
		47DE7B462795AC3B00855312 /* Assets.xcassets */ = {isa = PBXFileReference; lastKnownFileType = folder.assetcatalog; path = Assets.xcassets; sourceTree = "<group>"; };
		47DE7B492795AC3B00855312 /* Preview Assets.xcassets */ = {isa = PBXFileReference; lastKnownFileType = folder.assetcatalog; path = "Preview Assets.xcassets"; sourceTree = "<group>"; };
		47DE7B4F2795AC3B00855312 /* UI-424Tests.xctest */ = {isa = PBXFileReference; explicitFileType = wrapper.cfbundle; includeInIndex = 0; path = "UI-424Tests.xctest"; sourceTree = BUILT_PRODUCTS_DIR; };
		47DE7B532795AC3B00855312 /* UI_424Tests.swift */ = {isa = PBXFileReference; lastKnownFileType = sourcecode.swift; path = UI_424Tests.swift; sourceTree = "<group>"; };
		47DE7B592795AC3B00855312 /* UI-424UITests.xctest */ = {isa = PBXFileReference; explicitFileType = wrapper.cfbundle; includeInIndex = 0; path = "UI-424UITests.xctest"; sourceTree = BUILT_PRODUCTS_DIR; };
		47DE7B5D2795AC3B00855312 /* UI_424UITests.swift */ = {isa = PBXFileReference; lastKnownFileType = sourcecode.swift; path = UI_424UITests.swift; sourceTree = "<group>"; };
		47DE7B5F2795AC3B00855312 /* UI_424UITestsLaunchTests.swift */ = {isa = PBXFileReference; lastKnownFileType = sourcecode.swift; path = UI_424UITestsLaunchTests.swift; sourceTree = "<group>"; };
		47DE7B6D2795AC4600855312 /* Home.swift */ = {isa = PBXFileReference; lastKnownFileType = sourcecode.swift; path = Home.swift; sourceTree = "<group>"; };
		47DE7B712795AC5C00855312 /* Task.swift */ = {isa = PBXFileReference; lastKnownFileType = sourcecode.swift; path = Task.swift; sourceTree = "<group>"; };
		47DE7B752795ACA400855312 /* Extencions.swift */ = {isa = PBXFileReference; lastKnownFileType = sourcecode.swift; path = Extencions.swift; sourceTree = "<group>"; };
/* End PBXFileReference section */

/* Begin PBXFrameworksBuildPhase section */
		47DE7B3C2795AC3B00855312 /* Frameworks */ = {
			isa = PBXFrameworksBuildPhase;
			buildActionMask = 2147483647;
			files = (
			);
			runOnlyForDeploymentPostprocessing = 0;
		};
		47DE7B4C2795AC3B00855312 /* Frameworks */ = {
			isa = PBXFrameworksBuildPhase;
			buildActionMask = 2147483647;
			files = (
			);
			runOnlyForDeploymentPostprocessing = 0;
		};
		47DE7B562795AC3B00855312 /* Frameworks */ = {
			isa = PBXFrameworksBuildPhase;
			buildActionMask = 2147483647;
			files = (
			);
			runOnlyForDeploymentPostprocessing = 0;
		};
/* End PBXFrameworksBuildPhase section */

/* Begin PBXGroup section */
		47DE7B362795AC3B00855312 = {
			isa = PBXGroup;
			children = (
				47DE7B412795AC3B00855312 /* UI-424 */,
				47DE7B522795AC3B00855312 /* UI-424Tests */,
				47DE7B5C2795AC3B00855312 /* UI-424UITests */,
				47DE7B402795AC3B00855312 /* Products */,
			);
			sourceTree = "<group>";
		};
		47DE7B402795AC3B00855312 /* Products */ = {
			isa = PBXGroup;
			children = (
				47DE7B3F2795AC3B00855312 /* UI-424.app */,
				47DE7B4F2795AC3B00855312 /* UI-424Tests.xctest */,
				47DE7B592795AC3B00855312 /* UI-424UITests.xctest */,
			);
			name = Products;
			sourceTree = "<group>";
		};
		47DE7B412795AC3B00855312 /* UI-424 */ = {
			isa = PBXGroup;
			children = (
				47DE7B742795AC9B00855312 /* Helpers */,
				47DE7B6F2795AC4800855312 /* Model */,
				47DE7B6C2795AC3F00855312 /* View */,
				47DE7B422795AC3B00855312 /* UI_424App.swift */,
				47DE7B442795AC3B00855312 /* ContentView.swift */,
				47DE7B462795AC3B00855312 /* Assets.xcassets */,
				47DE7B482795AC3B00855312 /* Preview Content */,
			);
			path = "UI-424";
			sourceTree = "<group>";
		};
		47DE7B482795AC3B00855312 /* Preview Content */ = {
			isa = PBXGroup;
			children = (
				47DE7B492795AC3B00855312 /* Preview Assets.xcassets */,
			);
			path = "Preview Content";
			sourceTree = "<group>";
		};
		47DE7B522795AC3B00855312 /* UI-424Tests */ = {
			isa = PBXGroup;
			children = (
				47DE7B532795AC3B00855312 /* UI_424Tests.swift */,
			);
			path = "UI-424Tests";
			sourceTree = "<group>";
		};
		47DE7B5C2795AC3B00855312 /* UI-424UITests */ = {
			isa = PBXGroup;
			children = (
				47DE7B5D2795AC3B00855312 /* UI_424UITests.swift */,
				47DE7B5F2795AC3B00855312 /* UI_424UITestsLaunchTests.swift */,
			);
			path = "UI-424UITests";
			sourceTree = "<group>";
		};
		47DE7B6C2795AC3F00855312 /* View */ = {
			isa = PBXGroup;
			children = (
				47DE7B6D2795AC4600855312 /* Home.swift */,
			);
			path = View;
			sourceTree = "<group>";
		};
		47DE7B6F2795AC4800855312 /* Model */ = {
			isa = PBXGroup;
			children = (
				47DE7B712795AC5C00855312 /* Task.swift */,
			);
			path = Model;
			sourceTree = "<group>";
		};
		47DE7B742795AC9B00855312 /* Helpers */ = {
			isa = PBXGroup;
			children = (
				47DE7B752795ACA400855312 /* Extencions.swift */,
			);
			path = Helpers;
			sourceTree = "<group>";
		};
/* End PBXGroup section */

/* Begin PBXNativeTarget section */
		47DE7B3E2795AC3B00855312 /* UI-424 */ = {
			isa = PBXNativeTarget;
			buildConfigurationList = 47DE7B632795AC3B00855312 /* Build configuration list for PBXNativeTarget "UI-424" */;
			buildPhases = (
				47DE7B3B2795AC3B00855312 /* Sources */,
				47DE7B3C2795AC3B00855312 /* Frameworks */,
				47DE7B3D2795AC3B00855312 /* Resources */,
			);
			buildRules = (
			);
			dependencies = (
			);
			name = "UI-424";
			productName = "UI-424";
			productReference = 47DE7B3F2795AC3B00855312 /* UI-424.app */;
			productType = "com.apple.product-type.application";
		};
		47DE7B4E2795AC3B00855312 /* UI-424Tests */ = {
			isa = PBXNativeTarget;
			buildConfigurationList = 47DE7B662795AC3B00855312 /* Build configuration list for PBXNativeTarget "UI-424Tests" */;
			buildPhases = (
				47DE7B4B2795AC3B00855312 /* Sources */,
				47DE7B4C2795AC3B00855312 /* Frameworks */,
				47DE7B4D2795AC3B00855312 /* Resources */,
			);
			buildRules = (
			);
			dependencies = (
				47DE7B512795AC3B00855312 /* PBXTargetDependency */,
			);
			name = "UI-424Tests";
			productName = "UI-424Tests";
			productReference = 47DE7B4F2795AC3B00855312 /* UI-424Tests.xctest */;
			productType = "com.apple.product-type.bundle.unit-test";
		};
		47DE7B582795AC3B00855312 /* UI-424UITests */ = {
			isa = PBXNativeTarget;
			buildConfigurationList = 47DE7B692795AC3B00855312 /* Build configuration list for PBXNativeTarget "UI-424UITests" */;
			buildPhases = (
				47DE7B552795AC3B00855312 /* Sources */,
				47DE7B562795AC3B00855312 /* Frameworks */,
				47DE7B572795AC3B00855312 /* Resources */,
			);
			buildRules = (
			);
			dependencies = (
				47DE7B5B2795AC3B00855312 /* PBXTargetDependency */,
			);
			name = "UI-424UITests";
			productName = "UI-424UITests";
			productReference = 47DE7B592795AC3B00855312 /* UI-424UITests.xctest */;
			productType = "com.apple.product-type.bundle.ui-testing";
		};
/* End PBXNativeTarget section */

/* Begin PBXProject section */
		47DE7B372795AC3B00855312 /* Project object */ = {
			isa = PBXProject;
			attributes = {
				BuildIndependentTargetsInParallel = 1;
				LastSwiftUpdateCheck = 1320;
				LastUpgradeCheck = 1320;
				TargetAttributes = {
					47DE7B3E2795AC3B00855312 = {
						CreatedOnToolsVersion = 13.2.1;
					};
					47DE7B4E2795AC3B00855312 = {
						CreatedOnToolsVersion = 13.2.1;
						TestTargetID = 47DE7B3E2795AC3B00855312;
					};
					47DE7B582795AC3B00855312 = {
						CreatedOnToolsVersion = 13.2.1;
						TestTargetID = 47DE7B3E2795AC3B00855312;
					};
				};
			};
			buildConfigurationList = 47DE7B3A2795AC3B00855312 /* Build configuration list for PBXProject "UI-424" */;
			compatibilityVersion = "Xcode 13.0";
			developmentRegion = en;
			hasScannedForEncodings = 0;
			knownRegions = (
				en,
				Base,
			);
			mainGroup = 47DE7B362795AC3B00855312;
			productRefGroup = 47DE7B402795AC3B00855312 /* Products */;
			projectDirPath = "";
			projectRoot = "";
			targets = (
				47DE7B3E2795AC3B00855312 /* UI-424 */,
				47DE7B4E2795AC3B00855312 /* UI-424Tests */,
				47DE7B582795AC3B00855312 /* UI-424UITests */,
			);
		};
/* End PBXProject section */

/* Begin PBXResourcesBuildPhase section */
		47DE7B3D2795AC3B00855312 /* Resources */ = {
			isa = PBXResourcesBuildPhase;
			buildActionMask = 2147483647;
			files = (
				47DE7B4A2795AC3B00855312 /* Preview Assets.xcassets in Resources */,
				47DE7B472795AC3B00855312 /* Assets.xcassets in Resources */,
			);
			runOnlyForDeploymentPostprocessing = 0;
		};
		47DE7B4D2795AC3B00855312 /* Resources */ = {
			isa = PBXResourcesBuildPhase;
			buildActionMask = 2147483647;
			files = (
			);
			runOnlyForDeploymentPostprocessing = 0;
		};
		47DE7B572795AC3B00855312 /* Resources */ = {
			isa = PBXResourcesBuildPhase;
			buildActionMask = 2147483647;
			files = (
			);
			runOnlyForDeploymentPostprocessing = 0;
		};
/* End PBXResourcesBuildPhase section */

/* Begin PBXSourcesBuildPhase section */
		47DE7B3B2795AC3B00855312 /* Sources */ = {
			isa = PBXSourcesBuildPhase;
			buildActionMask = 2147483647;
			files = (
				47DE7B722795AC5C00855312 /* Task.swift in Sources */,
				47DE7B452795AC3B00855312 /* ContentView.swift in Sources */,
				47DE7B762795ACA400855312 /* Extencions.swift in Sources */,
				47DE7B6E2795AC4600855312 /* Home.swift in Sources */,
				47DE7B432795AC3B00855312 /* UI_424App.swift in Sources */,
			);
			runOnlyForDeploymentPostprocessing = 0;
		};
		47DE7B4B2795AC3B00855312 /* Sources */ = {
			isa = PBXSourcesBuildPhase;
			buildActionMask = 2147483647;
			files = (
				47DE7B542795AC3B00855312 /* UI_424Tests.swift in Sources */,
			);
			runOnlyForDeploymentPostprocessing = 0;
		};
		47DE7B552795AC3B00855312 /* Sources */ = {
			isa = PBXSourcesBuildPhase;
			buildActionMask = 2147483647;
			files = (
				47DE7B5E2795AC3B00855312 /* UI_424UITests.swift in Sources */,
				47DE7B602795AC3B00855312 /* UI_424UITestsLaunchTests.swift in Sources */,
			);
			runOnlyForDeploymentPostprocessing = 0;
		};
/* End PBXSourcesBuildPhase section */

/* Begin PBXTargetDependency section */
		47DE7B512795AC3B00855312 /* PBXTargetDependency */ = {
			isa = PBXTargetDependency;
			target = 47DE7B3E2795AC3B00855312 /* UI-424 */;
			targetProxy = 47DE7B502795AC3B00855312 /* PBXContainerItemProxy */;
		};
		47DE7B5B2795AC3B00855312 /* PBXTargetDependency */ = {
			isa = PBXTargetDependency;
			target = 47DE7B3E2795AC3B00855312 /* UI-424 */;
			targetProxy = 47DE7B5A2795AC3B00855312 /* PBXContainerItemProxy */;
		};
/* End PBXTargetDependency section */

/* Begin XCBuildConfiguration section */
		47DE7B612795AC3B00855312 /* Debug */ = {
			isa = XCBuildConfiguration;
			buildSettings = {
				ALWAYS_SEARCH_USER_PATHS = NO;
				CLANG_ANALYZER_NONNULL = YES;
				CLANG_ANALYZER_NUMBER_OBJECT_CONVERSION = YES_AGGRESSIVE;
				CLANG_CXX_LANGUAGE_STANDARD = "gnu++17";
				CLANG_CXX_LIBRARY = "libc++";
				CLANG_ENABLE_MODULES = YES;
				CLANG_ENABLE_OBJC_ARC = YES;
				CLANG_ENABLE_OBJC_WEAK = YES;
				CLANG_WARN_BLOCK_CAPTURE_AUTORELEASING = YES;
				CLANG_WARN_BOOL_CONVERSION = YES;
				CLANG_WARN_COMMA = YES;
				CLANG_WARN_CONSTANT_CONVERSION = YES;
				CLANG_WARN_DEPRECATED_OBJC_IMPLEMENTATIONS = YES;
				CLANG_WARN_DIRECT_OBJC_ISA_USAGE = YES_ERROR;
				CLANG_WARN_DOCUMENTATION_COMMENTS = YES;
				CLANG_WARN_EMPTY_BODY = YES;
				CLANG_WARN_ENUM_CONVERSION = YES;
				CLANG_WARN_INFINITE_RECURSION = YES;
				CLANG_WARN_INT_CONVERSION = YES;
				CLANG_WARN_NON_LITERAL_NULL_CONVERSION = YES;
				CLANG_WARN_OBJC_IMPLICIT_RETAIN_SELF = YES;
				CLANG_WARN_OBJC_LITERAL_CONVERSION = YES;
				CLANG_WARN_OBJC_ROOT_CLASS = YES_ERROR;
				CLANG_WARN_QUOTED_INCLUDE_IN_FRAMEWORK_HEADER = YES;
				CLANG_WARN_RANGE_LOOP_ANALYSIS = YES;
				CLANG_WARN_STRICT_PROTOTYPES = YES;
				CLANG_WARN_SUSPICIOUS_MOVE = YES;
				CLANG_WARN_UNGUARDED_AVAILABILITY = YES_AGGRESSIVE;
				CLANG_WARN_UNREACHABLE_CODE = YES;
				CLANG_WARN__DUPLICATE_METHOD_MATCH = YES;
				COPY_PHASE_STRIP = NO;
				DEBUG_INFORMATION_FORMAT = dwarf;
				ENABLE_STRICT_OBJC_MSGSEND = YES;
				ENABLE_TESTABILITY = YES;
				GCC_C_LANGUAGE_STANDARD = gnu11;
				GCC_DYNAMIC_NO_PIC = NO;
				GCC_NO_COMMON_BLOCKS = YES;
				GCC_OPTIMIZATION_LEVEL = 0;
				GCC_PREPROCESSOR_DEFINITIONS = (
					"DEBUG=1",
					"$(inherited)",
				);
				GCC_WARN_64_TO_32_BIT_CONVERSION = YES;
				GCC_WARN_ABOUT_RETURN_TYPE = YES_ERROR;
				GCC_WARN_UNDECLARED_SELECTOR = YES;
				GCC_WARN_UNINITIALIZED_AUTOS = YES_AGGRESSIVE;
				GCC_WARN_UNUSED_FUNCTION = YES;
				GCC_WARN_UNUSED_VARIABLE = YES;
				IPHONEOS_DEPLOYMENT_TARGET = 15.2;
				MTL_ENABLE_DEBUG_INFO = INCLUDE_SOURCE;
				MTL_FAST_MATH = YES;
				ONLY_ACTIVE_ARCH = YES;
				SDKROOT = iphoneos;
				SWIFT_ACTIVE_COMPILATION_CONDITIONS = DEBUG;
				SWIFT_OPTIMIZATION_LEVEL = "-Onone";
			};
			name = Debug;
		};
		47DE7B622795AC3B00855312 /* Release */ = {
			isa = XCBuildConfiguration;
			buildSettings = {
				ALWAYS_SEARCH_USER_PATHS = NO;
				CLANG_ANALYZER_NONNULL = YES;
				CLANG_ANALYZER_NUMBER_OBJECT_CONVERSION = YES_AGGRESSIVE;
				CLANG_CXX_LANGUAGE_STANDARD = "gnu++17";
				CLANG_CXX_LIBRARY = "libc++";
				CLANG_ENABLE_MODULES = YES;
				CLANG_ENABLE_OBJC_ARC = YES;
				CLANG_ENABLE_OBJC_WEAK = YES;
				CLANG_WARN_BLOCK_CAPTURE_AUTORELEASING = YES;
				CLANG_WARN_BOOL_CONVERSION = YES;
				CLANG_WARN_COMMA = YES;
				CLANG_WARN_CONSTANT_CONVERSION = YES;
				CLANG_WARN_DEPRECATED_OBJC_IMPLEMENTATIONS = YES;
				CLANG_WARN_DIRECT_OBJC_ISA_USAGE = YES_ERROR;
				CLANG_WARN_DOCUMENTATION_COMMENTS = YES;
				CLANG_WARN_EMPTY_BODY = YES;
				CLANG_WARN_ENUM_CONVERSION = YES;
				CLANG_WARN_INFINITE_RECURSION = YES;
				CLANG_WARN_INT_CONVERSION = YES;
				CLANG_WARN_NON_LITERAL_NULL_CONVERSION = YES;
				CLANG_WARN_OBJC_IMPLICIT_RETAIN_SELF = YES;
				CLANG_WARN_OBJC_LITERAL_CONVERSION = YES;
				CLANG_WARN_OBJC_ROOT_CLASS = YES_ERROR;
				CLANG_WARN_QUOTED_INCLUDE_IN_FRAMEWORK_HEADER = YES;
				CLANG_WARN_RANGE_LOOP_ANALYSIS = YES;
				CLANG_WARN_STRICT_PROTOTYPES = YES;
				CLANG_WARN_SUSPICIOUS_MOVE = YES;
				CLANG_WARN_UNGUARDED_AVAILABILITY = YES_AGGRESSIVE;
				CLANG_WARN_UNREACHABLE_CODE = YES;
				CLANG_WARN__DUPLICATE_METHOD_MATCH = YES;
				COPY_PHASE_STRIP = NO;
				DEBUG_INFORMATION_FORMAT = "dwarf-with-dsym";
				ENABLE_NS_ASSERTIONS = NO;
				ENABLE_STRICT_OBJC_MSGSEND = YES;
				GCC_C_LANGUAGE_STANDARD = gnu11;
				GCC_NO_COMMON_BLOCKS = YES;
				GCC_WARN_64_TO_32_BIT_CONVERSION = YES;
				GCC_WARN_ABOUT_RETURN_TYPE = YES_ERROR;
				GCC_WARN_UNDECLARED_SELECTOR = YES;
				GCC_WARN_UNINITIALIZED_AUTOS = YES_AGGRESSIVE;
				GCC_WARN_UNUSED_FUNCTION = YES;
				GCC_WARN_UNUSED_VARIABLE = YES;
				IPHONEOS_DEPLOYMENT_TARGET = 15.2;
				MTL_ENABLE_DEBUG_INFO = NO;
				MTL_FAST_MATH = YES;
				SDKROOT = iphoneos;
				SWIFT_COMPILATION_MODE = wholemodule;
				SWIFT_OPTIMIZATION_LEVEL = "-O";
				VALIDATE_PRODUCT = YES;
			};
			name = Release;
		};
		47DE7B642795AC3B00855312 /* Debug */ = {
			isa = XCBuildConfiguration;
			buildSettings = {
				ASSETCATALOG_COMPILER_APPICON_NAME = AppIcon;
				ASSETCATALOG_COMPILER_GLOBAL_ACCENT_COLOR_NAME = AccentColor;
				CODE_SIGN_STYLE = Automatic;
				CURRENT_PROJECT_VERSION = 1;
				DEVELOPMENT_ASSET_PATHS = "\"UI-424/Preview Content\"";
				DEVELOPMENT_TEAM = 8CL4U468K5;
				ENABLE_PREVIEWS = YES;
				GENERATE_INFOPLIST_FILE = YES;
				INFOPLIST_KEY_UIApplicationSceneManifest_Generation = YES;
				INFOPLIST_KEY_UIApplicationSupportsIndirectInputEvents = YES;
				INFOPLIST_KEY_UILaunchScreen_Generation = YES;
				INFOPLIST_KEY_UISupportedInterfaceOrientations_iPad = "UIInterfaceOrientationPortrait UIInterfaceOrientationPortraitUpsideDown UIInterfaceOrientationLandscapeLeft UIInterfaceOrientationLandscapeRight";
				INFOPLIST_KEY_UISupportedInterfaceOrientations_iPhone = "UIInterfaceOrientationPortrait UIInterfaceOrientationLandscapeLeft UIInterfaceOrientationLandscapeRight";
				LD_RUNPATH_SEARCH_PATHS = (
					"$(inherited)",
					"@executable_path/Frameworks",
				);
				MARKETING_VERSION = 1.0;
				PRODUCT_BUNDLE_IDENTIFIER = "com.585.UI-424";
				PRODUCT_NAME = "$(TARGET_NAME)";
				SWIFT_EMIT_LOC_STRINGS = YES;
				SWIFT_VERSION = 5.0;
				TARGETED_DEVICE_FAMILY = "1,2";
			};
			name = Debug;
		};
		47DE7B652795AC3B00855312 /* Release */ = {
			isa = XCBuildConfiguration;
			buildSettings = {
				ASSETCATALOG_COMPILER_APPICON_NAME = AppIcon;
				ASSETCATALOG_COMPILER_GLOBAL_ACCENT_COLOR_NAME = AccentColor;
				CODE_SIGN_STYLE = Automatic;
				CURRENT_PROJECT_VERSION = 1;
				DEVELOPMENT_ASSET_PATHS = "\"UI-424/Preview Content\"";
				DEVELOPMENT_TEAM = 8CL4U468K5;
				ENABLE_PREVIEWS = YES;
				GENERATE_INFOPLIST_FILE = YES;
				INFOPLIST_KEY_UIApplicationSceneManifest_Generation = YES;
				INFOPLIST_KEY_UIApplicationSupportsIndirectInputEvents = YES;
				INFOPLIST_KEY_UILaunchScreen_Generation = YES;
				INFOPLIST_KEY_UISupportedInterfaceOrientations_iPad = "UIInterfaceOrientationPortrait UIInterfaceOrientationPortraitUpsideDown UIInterfaceOrientationLandscapeLeft UIInterfaceOrientationLandscapeRight";
				INFOPLIST_KEY_UISupportedInterfaceOrientations_iPhone = "UIInterfaceOrientationPortrait UIInterfaceOrientationLandscapeLeft UIInterfaceOrientationLandscapeRight";
				LD_RUNPATH_SEARCH_PATHS = (
					"$(inherited)",
					"@executable_path/Frameworks",
				);
				MARKETING_VERSION = 1.0;
				PRODUCT_BUNDLE_IDENTIFIER = "com.585.UI-424";
				PRODUCT_NAME = "$(TARGET_NAME)";
				SWIFT_EMIT_LOC_STRINGS = YES;
				SWIFT_VERSION = 5.0;
				TARGETED_DEVICE_FAMILY = "1,2";
			};
			name = Release;
		};
		47DE7B672795AC3B00855312 /* Debug */ = {
			isa = XCBuildConfiguration;
			buildSettings = {
				ALWAYS_EMBED_SWIFT_STANDARD_LIBRARIES = YES;
				BUNDLE_LOADER = "$(TEST_HOST)";
				CODE_SIGN_STYLE = Automatic;
				CURRENT_PROJECT_VERSION = 1;
				DEVELOPMENT_TEAM = 8CL4U468K5;
				GENERATE_INFOPLIST_FILE = YES;
				IPHONEOS_DEPLOYMENT_TARGET = 15.2;
				MARKETING_VERSION = 1.0;
				PRODUCT_BUNDLE_IDENTIFIER = "com.585.UI-424Tests";
				PRODUCT_NAME = "$(TARGET_NAME)";
				SWIFT_EMIT_LOC_STRINGS = NO;
				SWIFT_VERSION = 5.0;
				TARGETED_DEVICE_FAMILY = "1,2";
				TEST_HOST = "$(BUILT_PRODUCTS_DIR)/UI-424.app/UI-424";
			};
			name = Debug;
		};
		47DE7B682795AC3B00855312 /* Release */ = {
			isa = XCBuildConfiguration;
			buildSettings = {
				ALWAYS_EMBED_SWIFT_STANDARD_LIBRARIES = YES;
				BUNDLE_LOADER = "$(TEST_HOST)";
				CODE_SIGN_STYLE = Automatic;
				CURRENT_PROJECT_VERSION = 1;
				DEVELOPMENT_TEAM = 8CL4U468K5;
				GENERATE_INFOPLIST_FILE = YES;
				IPHONEOS_DEPLOYMENT_TARGET = 15.2;
				MARKETING_VERSION = 1.0;
				PRODUCT_BUNDLE_IDENTIFIER = "com.585.UI-424Tests";
				PRODUCT_NAME = "$(TARGET_NAME)";
				SWIFT_EMIT_LOC_STRINGS = NO;
				SWIFT_VERSION = 5.0;
				TARGETED_DEVICE_FAMILY = "1,2";
				TEST_HOST = "$(BUILT_PRODUCTS_DIR)/UI-424.app/UI-424";
			};
			name = Release;
		};
		47DE7B6A2795AC3B00855312 /* Debug */ = {
			isa = XCBuildConfiguration;
			buildSettings = {
				ALWAYS_EMBED_SWIFT_STANDARD_LIBRARIES = YES;
				CODE_SIGN_STYLE = Automatic;
				CURRENT_PROJECT_VERSION = 1;
				DEVELOPMENT_TEAM = 8CL4U468K5;
				GENERATE_INFOPLIST_FILE = YES;
				MARKETING_VERSION = 1.0;
				PRODUCT_BUNDLE_IDENTIFIER = "com.585.UI-424UITests";
				PRODUCT_NAME = "$(TARGET_NAME)";
				SWIFT_EMIT_LOC_STRINGS = NO;
				SWIFT_VERSION = 5.0;
				TARGETED_DEVICE_FAMILY = "1,2";
				TEST_TARGET_NAME = "UI-424";
			};
			name = Debug;
		};
		47DE7B6B2795AC3B00855312 /* Release */ = {
			isa = XCBuildConfiguration;
			buildSettings = {
				ALWAYS_EMBED_SWIFT_STANDARD_LIBRARIES = YES;
				CODE_SIGN_STYLE = Automatic;
				CURRENT_PROJECT_VERSION = 1;
				DEVELOPMENT_TEAM = 8CL4U468K5;
				GENERATE_INFOPLIST_FILE = YES;
				MARKETING_VERSION = 1.0;
				PRODUCT_BUNDLE_IDENTIFIER = "com.585.UI-424UITests";
				PRODUCT_NAME = "$(TARGET_NAME)";
				SWIFT_EMIT_LOC_STRINGS = NO;
				SWIFT_VERSION = 5.0;
				TARGETED_DEVICE_FAMILY = "1,2";
				TEST_TARGET_NAME = "UI-424";
			};
			name = Release;
		};
/* End XCBuildConfiguration section */

/* Begin XCConfigurationList section */
		47DE7B3A2795AC3B00855312 /* Build configuration list for PBXProject "UI-424" */ = {
			isa = XCConfigurationList;
			buildConfigurations = (
				47DE7B612795AC3B00855312 /* Debug */,
				47DE7B622795AC3B00855312 /* Release */,
			);
			defaultConfigurationIsVisible = 0;
			defaultConfigurationName = Release;
		};
		47DE7B632795AC3B00855312 /* Build configuration list for PBXNativeTarget "UI-424" */ = {
			isa = XCConfigurationList;
			buildConfigurations = (
				47DE7B642795AC3B00855312 /* Debug */,
				47DE7B652795AC3B00855312 /* Release */,
			);
			defaultConfigurationIsVisible = 0;
			defaultConfigurationName = Release;
		};
		47DE7B662795AC3B00855312 /* Build configuration list for PBXNativeTarget "UI-424Tests" */ = {
			isa = XCConfigurationList;
			buildConfigurations = (
				47DE7B672795AC3B00855312 /* Debug */,
				47DE7B682795AC3B00855312 /* Release */,
			);
			defaultConfigurationIsVisible = 0;
			defaultConfigurationName = Release;
		};
		47DE7B692795AC3B00855312 /* Build configuration list for PBXNativeTarget "UI-424UITests" */ = {
			isa = XCConfigurationList;
			buildConfigurations = (
				47DE7B6A2795AC3B00855312 /* Debug */,
				47DE7B6B2795AC3B00855312 /* Release */,
			);
			defaultConfigurationIsVisible = 0;
			defaultConfigurationName = Release;
		};
/* End XCConfigurationList section */
	};
	rootObject = 47DE7B372795AC3B00855312 /* Project object */;
}
